
Microsoft Visual Studio Solution File, Format Version 12.00
# Visual Studio Version 16
VisualStudioVersion = 16.0.31829.152
MinimumVisualStudioVersion = 10.0.40219.1
Project("{8BC9CEB8-8B4A-11D0-8D11-00A0C91BC942}") = "TripleX", "TripleX.vcxproj", "{27D140F6-AEA5-42D0-87F2-9489E32F0B09}"
EndProject
Global
	GlobalSection(SolutionConfigurationPlatforms) = preSolution
		Debug|x64 = Debug|x64
		Debug|x86 = Debug|x86
		Release|x64 = Release|x64
		Release|x86 = Release|x86
	EndGlobalSection
	GlobalSection(ProjectConfigurationPlatforms) = postSolution
		{27D140F6-AEA5-42D0-87F2-9489E32F0B09}.Debug|x64.ActiveCfg = Debug|x64
		{27D140F6-AEA5-42D0-87F2-9489E32F0B09}.Debug|x64.Build.0 = Debug|x64
		{27D140F6-AEA5-42D0-87F2-9489E32F0B09}.Debug|x86.ActiveCfg = Debug|Win32
		{27D140F6-AEA5-42D0-87F2-9489E32F0B09}.Debug|x86.Build.0 = Debug|Win32
		{27D140F6-AEA5-42D0-87F2-9489E32F0B09}.Release|x64.ActiveCfg = Release|x64
		{27D140F6-AEA5-42D0-87F2-9489E32F0B09}.Release|x64.Build.0 = Release|x64
		{27D140F6-AEA5-42D0-87F2-9489E32F0B09}.Release|x86.ActiveCfg = Release|Win32
		{27D140F6-AEA5-42D0-87F2-9489E32F0B09}.Release|x86.Build.0 = Release|Win32
	EndGlobalSection
	GlobalSection(SolutionProperties) = preSolution
		HideSolutionNode = FALSE
	EndGlobalSection
	GlobalSection(ExtensibilityGlobals) = postSolution
		SolutionGuid = {CFD6D5F3-8D89-420F-8A19-F15F4F330B53}
	EndGlobalSection
EndGlobal
